
Microsoft Visual Studio Solution File, Format Version 12.00
# Visual Studio Version 17
VisualStudioVersion = 17.11.35303.130
MinimumVisualStudioVersion = 10.0.40219.1
Project("{FAE04EC0-301F-11D3-BF4B-00C04F79EFBC}") = "12-13 Pal", "12-13 Pal\12-13 Pal.csproj", "{E3602360-F117-4A53-928E-F3A42D153027}"
EndProject
Global
	GlobalSection(SolutionConfigurationPlatforms) = preSolution
		Debug|Any CPU = Debug|Any CPU
		Release|Any CPU = Release|Any CPU
	EndGlobalSection
	GlobalSection(ProjectConfigurationPlatforms) = postSolution
		{E3602360-F117-4A53-928E-F3A42D153027}.Debug|Any CPU.ActiveCfg = Debug|Any CPU
		{E3602360-F117-4A53-928E-F3A42D153027}.Debug|Any CPU.Build.0 = Debug|Any CPU
		{E3602360-F117-4A53-928E-F3A42D153027}.Release|Any CPU.ActiveCfg = Release|Any CPU
		{E3602360-F117-4A53-928E-F3A42D153027}.Release|Any CPU.Build.0 = Release|Any CPU
	EndGlobalSection
	GlobalSection(SolutionProperties) = preSolution
		HideSolutionNode = FALSE
	EndGlobalSection
	GlobalSection(ExtensibilityGlobals) = postSolution
		SolutionGuid = {4E1CE180-472A-41BE-95D7-0A8FCDE361D0}
	EndGlobalSection
EndGlobal
